
Microsoft Visual Studio Solution File, Format Version 12.00
# Visual Studio Version 16
VisualStudioVersion = 16.0.29025.244
MinimumVisualStudioVersion = 10.0.40219.1
Project("{FAE04EC0-301F-11D3-BF4B-00C04F79EFBC}") = "yiyifs_wpf_winform_client", "yiyifs_wpf_winform_client\yiyifs_wpf_winform_client.csproj", "{F6BCAB30-5F71-4650-80CF-EBFE3E8159DD}"
EndProject
Global
	GlobalSection(SolutionConfigurationPlatforms) = preSolution
		Debug|Any CPU = Debug|Any CPU
		Release|Any CPU = Release|Any CPU
	EndGlobalSection
	GlobalSection(ProjectConfigurationPlatforms) = postSolution
		{F6BCAB30-5F71-4650-80CF-EBFE3E8159DD}.Debug|Any CPU.ActiveCfg = Debug|Any CPU
		{F6BCAB30-5F71-4650-80CF-EBFE3E8159DD}.Debug|Any CPU.Build.0 = Debug|Any CPU
		{F6BCAB30-5F71-4650-80CF-EBFE3E8159DD}.Release|Any CPU.ActiveCfg = Release|Any CPU
		{F6BCAB30-5F71-4650-80CF-EBFE3E8159DD}.Release|Any CPU.Build.0 = Release|Any CPU
	EndGlobalSection
	GlobalSection(SolutionProperties) = preSolution
		HideSolutionNode = FALSE
	EndGlobalSection
	GlobalSection(ExtensibilityGlobals) = postSolution
		SolutionGuid = {73056045-9FB1-4690-A14F-8C415BC23314}
	EndGlobalSection
EndGlobal
